
Microsoft Visual Studio Solution File, Format Version 12.00
# Visual Studio Version 17
VisualStudioVersion = 17.4.33403.182
MinimumVisualStudioVersion = 10.0.40219.1
Project("{FAE04EC0-301F-11D3-BF4B-00C04F79EFBC}") = "ARMBackupService-ConsoleVersion", "ARMBackupService-ConsoleVersion\ARMBackupService-ConsoleVersion.csproj", "{A201E2E8-305B-46A8-AFA7-0684F3EC4EC6}"
EndProject
Global
	GlobalSection(SolutionConfigurationPlatforms) = preSolution
		Debug|Any CPU = Debug|Any CPU
		Release|Any CPU = Release|Any CPU
	EndGlobalSection
	GlobalSection(ProjectConfigurationPlatforms) = postSolution
		{A201E2E8-305B-46A8-AFA7-0684F3EC4EC6}.Debug|Any CPU.ActiveCfg = Debug|Any CPU
		{A201E2E8-305B-46A8-AFA7-0684F3EC4EC6}.Debug|Any CPU.Build.0 = Debug|Any CPU
		{A201E2E8-305B-46A8-AFA7-0684F3EC4EC6}.Release|Any CPU.ActiveCfg = Release|Any CPU
		{A201E2E8-305B-46A8-AFA7-0684F3EC4EC6}.Release|Any CPU.Build.0 = Release|Any CPU
	EndGlobalSection
	GlobalSection(SolutionProperties) = preSolution
		HideSolutionNode = FALSE
	EndGlobalSection
	GlobalSection(ExtensibilityGlobals) = postSolution
		SolutionGuid = {C90BDFD5-8295-493E-B828-C44E176CAF3C}
	EndGlobalSection
EndGlobal
